// !$*UTF8*$!
{
	archiveVersion = 1;
	classes = {
	};
	objectVersion = 46;
	objects = {

/* Begin PBXBuildFile section */
		009DCF4814FAE7D500AE2BB3 /* UIKit.framework in Frameworks */ = {isa = PBXBuildFile; fileRef = 009DCF4714FAE7D500AE2BB3 /* UIKit.framework */; };
		009DCF4A14FAE7D500AE2BB3 /* Foundation.framework in Frameworks */ = {isa = PBXBuildFile; fileRef = 009DCF4914FAE7D500AE2BB3 /* Foundation.framework */; };
		009DCF4C14FAE7D500AE2BB3 /* CoreGraphics.framework in Frameworks */ = {isa = PBXBuildFile; fileRef = 009DCF4B14FAE7D500AE2BB3 /* CoreGraphics.framework */; };
		009DCF5214FAE7D500AE2BB3 /* InfoPlist.strings in Resources */ = {isa = PBXBuildFile; fileRef = 009DCF5014FAE7D500AE2BB3 /* InfoPlist.strings */; };
		009DCF5414FAE7D500AE2BB3 /* main.m in Sources */ = {isa = PBXBuildFile; fileRef = 009DCF5314FAE7D500AE2BB3 /* main.m */; };
		009DCF5814FAE7D500AE2BB3 /* AppDelegate.m in Sources */ = {isa = PBXBuildFile; fileRef = 009DCF5714FAE7D500AE2BB3 /* AppDelegate.m */; };
/* End PBXBuildFile section */

/* Begin PBXFileReference section */
		009DCF4314FAE7D500AE2BB3 /* LekiRefund.app */ = {isa = PBXFileReference; explicitFileType = wrapper.application; includeInIndex = 0; path = LekiRefund.app; sourceTree = BUILT_PRODUCTS_DIR; };
		009DCF4714FAE7D500AE2BB3 /* UIKit.framework */ = {isa = PBXFileReference; lastKnownFileType = wrapper.framework; name = UIKit.framework; path = System/Library/Frameworks/UIKit.framework; sourceTree = SDKROOT; };
		009DCF4914FAE7D500AE2BB3 /* Foundation.framework */ = {isa = PBXFileReference; lastKnownFileType = wrapper.framework; name = Foundation.framework; path = System/Library/Frameworks/Foundation.framework; sourceTree = SDKROOT; };
		009DCF4B14FAE7D500AE2BB3 /* CoreGraphics.framework */ = {isa = PBXFileReference; lastKnownFileType = wrapper.framework; name = CoreGraphics.framework; path = System/Library/Frameworks/CoreGraphics.framework; sourceTree = SDKROOT; };
		009DCF4F14FAE7D500AE2BB3 /* LekiRefund-Info.plist */ = {isa = PBXFileReference; path = "LekiRefund-Info.plist"; sourceTree = "<group>"; };
		009DCF5114FAE7D500AE2BB3 /* en */ = {isa = PBXFileReference; lastKnownFileType = text.plist.strings; name = en; path = en.lproj/InfoPlist.strings; sourceTree = "<group>"; };
		009DCF5314FAE7D500AE2BB3 /* main.m */ = {isa = PBXFileReference; lastKnownFileType = sourcecode.c.objc; path = main.m; sourceTree = "<group>"; };
		009DCF5514FAE7D500AE2BB3 /* LekiRefund-Prefix.pch */ = {isa = PBXFileReference; path = "LekiRefund-Prefix.pch"; sourceTree = "<group>"; };
		009DCF5614FAE7D500AE2BB3 /* AppDelegate.h */ = {isa = PBXFileReference; path = AppDelegate.h; sourceTree = "<group>"; };
		009DCF5714FAE7D500AE2BB3 /* AppDelegate.m */ = {isa = PBXFileReference; lastKnownFileType = sourcecode.c.objc; path = AppDelegate.m; sourceTree = "<group>"; };
/* End PBXFileReference section */

/* Begin PBXFrameworksBuildPhase section */
		009DCF4014FAE7D500AE2BB3 /* Frameworks */ = {
			isa = PBXFrameworksBuildPhase;
			buildActionMask = 2147483647;
			files = (
				009DCF4814FAE7D500AE2BB3 /* UIKit.framework in Frameworks */,
				009DCF4A14FAE7D500AE2BB3 /* Foundation.framework in Frameworks */,
				009DCF4C14FAE7D500AE2BB3 /* CoreGraphics.framework in Frameworks */,
			);
			runOnlyForDeploymentPostprocessing = 0;
		};
/* End PBXFrameworksBuildPhase section */

/* Begin PBXGroup section */
		009DCF3814FAE7D500AE2BB3 = {
			isa = PBXGroup;
			children = (
				009DCF4D14FAE7D500AE2BB3 /* LekiRefund */,
				009DCF4614FAE7D500AE2BB3 /* Frameworks */,
				009DCF4414FAE7D500AE2BB3 /* Products */,
			);
			sourceTree = "<group>";
		};
		009DCF4414FAE7D500AE2BB3 /* Products */ = {
			isa = PBXGroup;
			children = (
				009DCF4314FAE7D500AE2BB3 /* LekiRefund.app */,
			);
			name = Products;
			sourceTree = "<group>";
		};
		009DCF4614FAE7D500AE2BB3 /* Frameworks */ = {
			isa = PBXGroup;
			children = (
				009DCF4714FAE7D500AE2BB3 /* UIKit.framework */,
				009DCF4914FAE7D500AE2BB3 /* Foundation.framework */,
				009DCF4B14FAE7D500AE2BB3 /* CoreGraphics.framework */,
			);
			name = Frameworks;
			sourceTree = "<group>";
		};
		009DCF4D14FAE7D500AE2BB3 /* LekiRefund */ = {
			isa = PBXGroup;
			children = (
				009DCF5614FAE7D500AE2BB3 /* AppDelegate.h */,
				009DCF5714FAE7D500AE2BB3 /* AppDelegate.m */,
				009DCF4E14FAE7D500AE2BB3 /* Supporting Files */,
			);
			path = LekiRefund;
			sourceTree = "<group>";
		};
		009DCF4E14FAE7D500AE2BB3 /* Supporting Files */ = {
			isa = PBXGroup;
			children = (
				009DCF4F14FAE7D500AE2BB3 /* LekiRefund-Info.plist */,
				009DCF5014FAE7D500AE2BB3 /* InfoPlist.strings */,
				009DCF5314FAE7D500AE2BB3 /* main.m */,
				009DCF5514FAE7D500AE2BB3 /* LekiRefund-Prefix.pch */,
			);
			name = "Supporting Files";
			sourceTree = "<group>";
		};
/* End PBXGroup section */

/* Begin PBXNativeTarget section */
		009DCF4214FAE7D500AE2BB3 /* LekiRefund */ = {
			isa = PBXNativeTarget;
			buildConfigurationList = 009DCF5B14FAE7D500AE2BB3 /* Build configuration list for PBXNativeTarget "LekiRefund" */;
			buildPhases = (
				009DCF3F14FAE7D500AE2BB3 /* Sources */,
				009DCF4014FAE7D500AE2BB3 /* Frameworks */,
				009DCF4114FAE7D500AE2BB3 /* Resources */,
			);
			buildRules = (
			);
			dependencies = (
			);
			name = LekiRefund;
			productName = LekiRefund;
			productReference = 009DCF4314FAE7D500AE2BB3 /* LekiRefund.app */;
			productType = "com.apple.product-type.application";
		};
/* End PBXNativeTarget section */

/* Begin PBXProject section */
		009DCF3A14FAE7D500AE2BB3 /* Project object */ = {
			isa = PBXProject;
			attributes = {
				LastUpgradeCheck = 0420;
			};
			buildConfigurationList = 009DCF3D14FAE7D500AE2BB3 /* Build configuration list for PBXProject "LekiRefund" */;
			compatibilityVersion = "Xcode 3.2";
			developmentRegion = English;
			hasScannedForEncodings = 0;
			knownRegions = (
				en,
			);
			mainGroup = 009DCF3814FAE7D500AE2BB3;
			productRefGroup = 009DCF4414FAE7D500AE2BB3 /* Products */;
			projectDirPath = "";
			projectRoot = "";
			targets = (
				009DCF4214FAE7D500AE2BB3 /* LekiRefund */,
			);
		};
/* End PBXProject section */

/* Begin PBXResourcesBuildPhase section */
		009DCF4114FAE7D500AE2BB3 /* Resources */ = {
			isa = PBXResourcesBuildPhase;
			buildActionMask = 2147483647;
			files = (
				009DCF5214FAE7D500AE2BB3 /* InfoPlist.strings in Resources */,
			);
			runOnlyForDeploymentPostprocessing = 0;
		};
/* End PBXResourcesBuildPhase section */

/* Begin PBXSourcesBuildPhase section */
		009DCF3F14FAE7D500AE2BB3 /* Sources */ = {
			isa = PBXSourcesBuildPhase;
			buildActionMask = 2147483647;
			files = (
				009DCF5414FAE7D500AE2BB3 /* main.m in Sources */,
				009DCF5814FAE7D500AE2BB3 /* AppDelegate.m in Sources */,
			);
			runOnlyForDeploymentPostprocessing = 0;
		};
/* End PBXSourcesBuildPhase section */

/* Begin PBXVariantGroup section */
		009DCF5014FAE7D500AE2BB3 /* InfoPlist.strings */ = {
			isa = PBXVariantGroup;
			children = (
				009DCF5114FAE7D500AE2BB3 /* en */,
			);
			name = InfoPlist.strings;
			sourceTree = "<group>";
		};
/* End PBXVariantGroup section */

/* Begin XCBuildConfiguration section */
		009DCF5914FAE7D500AE2BB3 /* Debug */ = {
			isa = XCBuildConfiguration;
			buildSettings = {
				ALWAYS_SEARCH_USER_PATHS = NO;
				ARCHS = "$(ARCHS_STANDARD_32_BIT)";
				CLANG_ENABLE_OBJC_ARC = YES;
				"CODE_SIGN_IDENTITY[sdk=iphoneos*]" = "iPhone Developer";
				COPY_PHASE_STRIP = NO;
				GCC_C_LANGUAGE_STANDARD = gnu99;
				GCC_DYNAMIC_NO_PIC = NO;
				GCC_OPTIMIZATION_LEVEL = 0;
				GCC_PREPROCESSOR_DEFINITIONS = (
					"DEBUG=1",
					"$(inherited)",
				);
				GCC_SYMBOLS_PRIVATE_EXTERN = NO;
				GCC_VERSION = com.apple.compilers.llvm.clang.1_0;
				GCC_WARN_ABOUT_MISSING_PROTOTYPES = YES;
				GCC_WARN_ABOUT_RETURN_TYPE = YES;
				GCC_WARN_UNUSED_VARIABLE = YES;
				IPHONEOS_DEPLOYMENT_TARGET = 5.0;
				SDKROOT = iphoneos;
				TARGETED_DEVICE_FAMILY = "1,2";
			};
			name = Debug;
		};
		009DCF5A14FAE7D500AE2BB3 /* Release */ = {
			isa = XCBuildConfiguration;
			buildSettings = {
				ALWAYS_SEARCH_USER_PATHS = NO;
				ARCHS = "$(ARCHS_STANDARD_32_BIT)";
				CLANG_ENABLE_OBJC_ARC = YES;
				"CODE_SIGN_IDENTITY[sdk=iphoneos*]" = "iPhone Developer";
				COPY_PHASE_STRIP = YES;
				GCC_C_LANGUAGE_STANDARD = gnu99;
				GCC_VERSION = com.apple.compilers.llvm.clang.1_0;
				GCC_WARN_ABOUT_MISSING_PROTOTYPES = YES;
				GCC_WARN_ABOUT_RETURN_TYPE = YES;
				GCC_WARN_UNUSED_VARIABLE = YES;
				IPHONEOS_DEPLOYMENT_TARGET = 5.0;
				OTHER_CFLAGS = "-DNS_BLOCK_ASSERTIONS=1";
				SDKROOT = iphoneos;
				TARGETED_DEVICE_FAMILY = "1,2";
				VALIDATE_PRODUCT = YES;
			};
			name = Release;
		};
		009DCF5C14FAE7D500AE2BB3 /* Debug */ = {
			isa = XCBuildConfiguration;
			buildSettings = {
				GCC_PRECOMPILE_PREFIX_HEADER = YES;
				GCC_PREFIX_HEADER = "LekiRefund/LekiRefund-Prefix.pch";
				INFOPLIST_FILE = "LekiRefund/LekiRefund-Info.plist";
				PRODUCT_NAME = "$(TARGET_NAME)";
				WRAPPER_EXTENSION = app;
			};
			name = Debug;
		};
		009DCF5D14FAE7D500AE2BB3 /* Release */ = {
			isa = XCBuildConfiguration;
			buildSettings = {
				GCC_PRECOMPILE_PREFIX_HEADER = YES;
				GCC_PREFIX_HEADER = "LekiRefund/LekiRefund-Prefix.pch";
				INFOPLIST_FILE = "LekiRefund/LekiRefund-Info.plist";
				PRODUCT_NAME = "$(TARGET_NAME)";
				WRAPPER_EXTENSION = app;
			};
			name = Release;
		};
/* End XCBuildConfiguration section */

/* Begin XCConfigurationList section */
		009DCF3D14FAE7D500AE2BB3 /* Build configuration list for PBXProject "LekiRefund" */ = {
			isa = XCConfigurationList;
			buildConfigurations = (
				009DCF5914FAE7D500AE2BB3 /* Debug */,
				009DCF5A14FAE7D500AE2BB3 /* Release */,
			);
			defaultConfigurationIsVisible = 0;
			defaultConfigurationName = Release;
		};
		009DCF5B14FAE7D500AE2BB3 /* Build configuration list for PBXNativeTarget "LekiRefund" */ = {
			isa = XCConfigurationList;
			buildConfigurations = (
				009DCF5C14FAE7D500AE2BB3 /* Debug */,
				009DCF5D14FAE7D500AE2BB3 /* Release */,
			);
			defaultConfigurationIsVisible = 0;
		};
/* End XCConfigurationList section */
	};
	rootObject = 009DCF3A14FAE7D500AE2BB3 /* Project object */;
}
